{
  "originHash" : "21c6f2b67ebce05c5c28cf7e960fe1471162525a8cd2c3016711e77f45232c41",
  "pins" : [
    {
      "identity" : "capacitor-swift-pm",
      "kind" : "remoteSourceControl",
      "location" : "https://github.com/ionic-team/capacitor-swift-pm.git",
      "state" : {
        "revision" : "1f324fe7bdbdc8c5cc28bea48a231545a8c2e823",
        "version" : "8.1.0"
      }
    },
    {
      "identity" : "ion-ios-filesystem",
      "kind" : "remoteSourceControl",
      "location" : "https://github.com/ionic-team/ion-ios-filesystem.git",
      "state" : {
        "revision" : "c35d468ded28a19e6322de8553c21578455aa554",
        "version" : "1.1.1"
      }
    },
    {
      "identity" : "ion-ios-filetransfer",
      "kind" : "remoteSourceControl",
      "location" : "https://github.com/ionic-team/ion-ios-filetransfer.git",
      "state" : {
        "revision" : "bec5b197eab61998d0c81123cb79209d399b219b",
        "version" : "1.0.2"
      }
    },
    {
      "identity" : "ion-ios-fileviewer",
      "kind" : "remoteSourceControl",
      "location" : "https://github.com/ionic-team/ion-ios-fileviewer.git",
      "state" : {
        "revision" : "e00a7f5ede0da6054d36b9913495ad18e887f5ab",
        "version" : "1.0.3"
      }
    }
  ],
  "version" : 3
}
