PODS:
  - Capacitor (8.0.0-alpha.2):
    - CapacitorCordova
  - CapacitorCordova (8.0.0-alpha.2)
  - CapacitorFilesystem (8.0.0-next.1):
    - Capacitor
    - IONFilesystemLib (~> 1.0.1)
  - CapacitorFileTransfer (1.0.5):
    - Capacitor
    - IONFileTransferLib (~> 1.0.1)
  - CapacitorFileViewer (2.0.0-next.1):
    - Capacitor
    - IONFileViewerLib (~> 1.0.1)
  - IONFilesystemLib (1.0.1)
  - IONFileTransferLib (1.0.1)
  - IONFileViewerLib (1.0.1)

DEPENDENCIES:
  - "Capacitor (from `../../node_modules/@capacitor/ios`)"
  - "CapacitorCordova (from `../../node_modules/@capacitor/ios`)"
  - "CapacitorFilesystem (from `../../node_modules/@capacitor/filesystem`)"
  - CapacitorFileTransfer (from `../../../capacitor-plugin`)
  - "CapacitorFileViewer (from `../../node_modules/@capacitor/file-viewer`)"

SPEC REPOS:
  trunk:
    - IONFilesystemLib
    - IONFileTransferLib
    - IONFileViewerLib

EXTERNAL SOURCES:
  Capacitor:
    :path: "../../node_modules/@capacitor/ios"
  CapacitorCordova:
    :path: "../../node_modules/@capacitor/ios"
  CapacitorFilesystem:
    :path: "../../node_modules/@capacitor/filesystem"
  CapacitorFileTransfer:
    :path: "../../../capacitor-plugin"
  CapacitorFileViewer:
    :path: "../../node_modules/@capacitor/file-viewer"

SPEC CHECKSUMS:
  Capacitor: f88db94b173c6d2c97003248197f749674d42dc8
  CapacitorCordova: 9b60d7dd7f5035cefe9b5f7f3edf11ccd93b6ae6
  CapacitorFilesystem: c9d264b5295f2fc6b93169b2ad69f24372f72e4c
  CapacitorFileTransfer: d3bc160e3938332f728994b8ff85d826c2c9e9e8
  CapacitorFileViewer: 75ed57b36bc78424e6ed53e97c7c0fcbefe3283c
  IONFilesystemLib: 89258b8e3e85465da93127d25d7ce37f977e8a6f
  IONFileTransferLib: b268561ab0ba7f386eea228c4986b55ba0146ca9
  IONFileViewerLib: 9e6b09451afa7705545d4d20e2974b4f1555390c

PODFILE CHECKSUM: 2553c1d66fe947be6ac7a8274b64bf6676a70afd

COCOAPODS: 1.16.2
